
Microsoft Visual Studio Solution File, Format Version 12.00
# Visual Studio Version 17
VisualStudioVersion = 17.6.33815.320
MinimumVisualStudioVersion = 10.0.40219.1
Project("{FAE04EC0-301F-11D3-BF4B-00C04F79EFBC}") = "FilmesApi", "FilmesApi\FilmesApi.csproj", "{F509035F-708C-4101-83D7-B7E1B7AA6DC8}"
EndProject
Global
	GlobalSection(SolutionConfigurationPlatforms) = preSolution
		Debug|Any CPU = Debug|Any CPU
		Release|Any CPU = Release|Any CPU
	EndGlobalSection
	GlobalSection(ProjectConfigurationPlatforms) = postSolution
		{F509035F-708C-4101-83D7-B7E1B7AA6DC8}.Debug|Any CPU.ActiveCfg = Debug|Any CPU
		{F509035F-708C-4101-83D7-B7E1B7AA6DC8}.Debug|Any CPU.Build.0 = Debug|Any CPU
		{F509035F-708C-4101-83D7-B7E1B7AA6DC8}.Release|Any CPU.ActiveCfg = Release|Any CPU
		{F509035F-708C-4101-83D7-B7E1B7AA6DC8}.Release|Any CPU.Build.0 = Release|Any CPU
	EndGlobalSection
	GlobalSection(SolutionProperties) = preSolution
		HideSolutionNode = FALSE
	EndGlobalSection
	GlobalSection(ExtensibilityGlobals) = postSolution
		SolutionGuid = {F12BC706-51BF-4464-AC31-74C8378166AD}
	EndGlobalSection
EndGlobal
