
Microsoft Visual Studio Solution File, Format Version 12.00
# Visual Studio Version 17
VisualStudioVersion = 17.5.33530.505
MinimumVisualStudioVersion = 10.0.40219.1
Project("{FAE04EC0-301F-11D3-BF4B-00C04F79EFBC}") = "byteBank_ADM", "byteBank_ADM\byteBank_ADM.csproj", "{844F8471-A176-4859-8B0F-BF26E30E51DB}"
EndProject
Global
	GlobalSection(SolutionConfigurationPlatforms) = preSolution
		Debug|Any CPU = Debug|Any CPU
		Release|Any CPU = Release|Any CPU
	EndGlobalSection
	GlobalSection(ProjectConfigurationPlatforms) = postSolution
		{844F8471-A176-4859-8B0F-BF26E30E51DB}.Debug|Any CPU.ActiveCfg = Debug|Any CPU
		{844F8471-A176-4859-8B0F-BF26E30E51DB}.Debug|Any CPU.Build.0 = Debug|Any CPU
		{844F8471-A176-4859-8B0F-BF26E30E51DB}.Release|Any CPU.ActiveCfg = Release|Any CPU
		{844F8471-A176-4859-8B0F-BF26E30E51DB}.Release|Any CPU.Build.0 = Release|Any CPU
	EndGlobalSection
	GlobalSection(SolutionProperties) = preSolution
		HideSolutionNode = FALSE
	EndGlobalSection
	GlobalSection(ExtensibilityGlobals) = postSolution
		SolutionGuid = {47D6B05F-240D-4563-BB55-64728EA98C9A}
	EndGlobalSection
EndGlobal
