
Microsoft Visual Studio Solution File, Format Version 12.00
# Visual Studio Version 17
VisualStudioVersion = 17.5.33530.505
MinimumVisualStudioVersion = 10.0.40219.1
Project("{FAE04EC0-301F-11D3-BF4B-00C04F79EFBC}") = "byteBank", "byteBank\byteBank.csproj", "{9635C85E-FDBC-47C2-BEC7-720FB1F35202}"
EndProject
Global
	GlobalSection(SolutionConfigurationPlatforms) = preSolution
		Debug|Any CPU = Debug|Any CPU
		Release|Any CPU = Release|Any CPU
	EndGlobalSection
	GlobalSection(ProjectConfigurationPlatforms) = postSolution
		{9635C85E-FDBC-47C2-BEC7-720FB1F35202}.Debug|Any CPU.ActiveCfg = Debug|Any CPU
		{9635C85E-FDBC-47C2-BEC7-720FB1F35202}.Debug|Any CPU.Build.0 = Debug|Any CPU
		{9635C85E-FDBC-47C2-BEC7-720FB1F35202}.Release|Any CPU.ActiveCfg = Release|Any CPU
		{9635C85E-FDBC-47C2-BEC7-720FB1F35202}.Release|Any CPU.Build.0 = Release|Any CPU
	EndGlobalSection
	GlobalSection(SolutionProperties) = preSolution
		HideSolutionNode = FALSE
	EndGlobalSection
	GlobalSection(ExtensibilityGlobals) = postSolution
		SolutionGuid = {34C64E10-E44A-4290-834B-7358F52136A0}
	EndGlobalSection
EndGlobal
