
Microsoft Visual Studio Solution File, Format Version 12.00
# Visual Studio Version 17
VisualStudioVersion = 17.5.33530.505
MinimumVisualStudioVersion = 10.0.40219.1
Project("{FAE04EC0-301F-11D3-BF4B-00C04F79EFBC}") = "Revisao", "Revisao\Revisao.csproj", "{C543E97A-E134-44E8-9AEE-2152F2FA2C6C}"
EndProject
Global
	GlobalSection(SolutionConfigurationPlatforms) = preSolution
		Debug|Any CPU = Debug|Any CPU
		Release|Any CPU = Release|Any CPU
	EndGlobalSection
	GlobalSection(ProjectConfigurationPlatforms) = postSolution
		{C543E97A-E134-44E8-9AEE-2152F2FA2C6C}.Debug|Any CPU.ActiveCfg = Debug|Any CPU
		{C543E97A-E134-44E8-9AEE-2152F2FA2C6C}.Debug|Any CPU.Build.0 = Debug|Any CPU
		{C543E97A-E134-44E8-9AEE-2152F2FA2C6C}.Release|Any CPU.ActiveCfg = Release|Any CPU
		{C543E97A-E134-44E8-9AEE-2152F2FA2C6C}.Release|Any CPU.Build.0 = Release|Any CPU
	EndGlobalSection
	GlobalSection(SolutionProperties) = preSolution
		HideSolutionNode = FALSE
	EndGlobalSection
	GlobalSection(ExtensibilityGlobals) = postSolution
		SolutionGuid = {9CD61568-9135-4D8A-997B-831A47286B60}
	EndGlobalSection
EndGlobal
