
Microsoft Visual Studio Solution File, Format Version 12.00
# Visual Studio Version 17
VisualStudioVersion = 17.5.33530.505
MinimumVisualStudioVersion = 10.0.40219.1
Project("{FAE04EC0-301F-11D3-BF4B-00C04F79EFBC}") = "Stack", "Stack\Stack.csproj", "{DAA05C69-2478-4A76-A091-9AD5B2A74A27}"
EndProject
Global
	GlobalSection(SolutionConfigurationPlatforms) = preSolution
		Debug|Any CPU = Debug|Any CPU
		Release|Any CPU = Release|Any CPU
	EndGlobalSection
	GlobalSection(ProjectConfigurationPlatforms) = postSolution
		{DAA05C69-2478-4A76-A091-9AD5B2A74A27}.Debug|Any CPU.ActiveCfg = Debug|Any CPU
		{DAA05C69-2478-4A76-A091-9AD5B2A74A27}.Debug|Any CPU.Build.0 = Debug|Any CPU
		{DAA05C69-2478-4A76-A091-9AD5B2A74A27}.Release|Any CPU.ActiveCfg = Release|Any CPU
		{DAA05C69-2478-4A76-A091-9AD5B2A74A27}.Release|Any CPU.Build.0 = Release|Any CPU
	EndGlobalSection
	GlobalSection(SolutionProperties) = preSolution
		HideSolutionNode = FALSE
	EndGlobalSection
	GlobalSection(ExtensibilityGlobals) = postSolution
		SolutionGuid = {0F17F3AF-26E5-468A-A9DE-96612D5F9EFF}
	EndGlobalSection
EndGlobal
